
Microsoft Visual Studio Solution File, Format Version 12.00
# Visual Studio Version 17
VisualStudioVersion = 17.1.32421.90
MinimumVisualStudioVersion = 10.0.40219.1
Project("{9A19103F-16F7-4668-BE54-9A1E7A4F7556}") = "ConsumingWebAPIs", "ConsumingWebAPIs\ConsumingWebAPIs.csproj", "{F717BCCD-F92C-43DF-91C2-8E36A6B35EB2}"
EndProject
Project("{9A19103F-16F7-4668-BE54-9A1E7A4F7556}") = "CoureLibraryConsumer", "CoureLibraryConsumer\CoureLibraryConsumer.csproj", "{80C9B27D-A4E1-45A0-93B2-B6D499C9E75B}"
EndProject
Project("{FAE04EC0-301F-11D3-BF4B-00C04F79EFBC}") = "OpenDataHubPOI", "OpenDataHubPOI\OpenDataHubPOI.csproj", "{D40C6316-7D8C-41D1-AB72-C3E5C861D9E1}"
EndProject
Global
	GlobalSection(SolutionConfigurationPlatforms) = preSolution
		Debug|Any CPU = Debug|Any CPU
		Release|Any CPU = Release|Any CPU
	EndGlobalSection
	GlobalSection(ProjectConfigurationPlatforms) = postSolution
		{F717BCCD-F92C-43DF-91C2-8E36A6B35EB2}.Debug|Any CPU.ActiveCfg = Debug|Any CPU
		{F717BCCD-F92C-43DF-91C2-8E36A6B35EB2}.Debug|Any CPU.Build.0 = Debug|Any CPU
		{F717BCCD-F92C-43DF-91C2-8E36A6B35EB2}.Release|Any CPU.ActiveCfg = Release|Any CPU
		{F717BCCD-F92C-43DF-91C2-8E36A6B35EB2}.Release|Any CPU.Build.0 = Release|Any CPU
		{80C9B27D-A4E1-45A0-93B2-B6D499C9E75B}.Debug|Any CPU.ActiveCfg = Debug|Any CPU
		{80C9B27D-A4E1-45A0-93B2-B6D499C9E75B}.Debug|Any CPU.Build.0 = Debug|Any CPU
		{80C9B27D-A4E1-45A0-93B2-B6D499C9E75B}.Release|Any CPU.ActiveCfg = Release|Any CPU
		{80C9B27D-A4E1-45A0-93B2-B6D499C9E75B}.Release|Any CPU.Build.0 = Release|Any CPU
		{D40C6316-7D8C-41D1-AB72-C3E5C861D9E1}.Debug|Any CPU.ActiveCfg = Debug|Any CPU
		{D40C6316-7D8C-41D1-AB72-C3E5C861D9E1}.Debug|Any CPU.Build.0 = Debug|Any CPU
		{D40C6316-7D8C-41D1-AB72-C3E5C861D9E1}.Release|Any CPU.ActiveCfg = Release|Any CPU
		{D40C6316-7D8C-41D1-AB72-C3E5C861D9E1}.Release|Any CPU.Build.0 = Release|Any CPU
	EndGlobalSection
	GlobalSection(SolutionProperties) = preSolution
		HideSolutionNode = FALSE
	EndGlobalSection
	GlobalSection(ExtensibilityGlobals) = postSolution
		SolutionGuid = {658F057C-2490-4C79-939E-11D92BB96E80}
	EndGlobalSection
EndGlobal
